// !$*UTF8*$!
{
	archiveVersion = 1;
	classes = {
	};
	objectVersion = 46;
	objects = {

/* Begin PBXBuildFile section */
		0F28D5EE1F1B6BA300FDC1EB /* CustomizedTableViewCell.swift in Sources */ = {isa = PBXBuildFile; fileRef = 0F28D5ED1F1B6BA300FDC1EB /* CustomizedTableViewCell.swift */; };
		0F28D5F01F1B6BB900FDC1EB /* CustomizedTableViewCell.xib in Resources */ = {isa = PBXBuildFile; fileRef = 0F28D5EF1F1B6BB900FDC1EB /* CustomizedTableViewCell.xib */; };
		0F35E4211F1BB45900B15F69 /* WSGetMapImage.swift in Sources */ = {isa = PBXBuildFile; fileRef = 0F35E4201F1BB45900B15F69 /* WSGetMapImage.swift */; };
		0F35E4231F1BC12600B15F69 /* MapViewController.swift in Sources */ = {isa = PBXBuildFile; fileRef = 0F35E4221F1BC12600B15F69 /* MapViewController.swift */; };
		0F3A480B1F1B96DF0018088F /* FilterManager.swift in Sources */ = {isa = PBXBuildFile; fileRef = 0F3A480A1F1B96DF0018088F /* FilterManager.swift */; };
		0FB7AA9D1F1B733D0034E6E6 /* City.swift in Sources */ = {isa = PBXBuildFile; fileRef = 0FB7AA9C1F1B733D0034E6E6 /* City.swift */; };
		0FB7AA9F1F1B73580034E6E6 /* CityLocation.swift in Sources */ = {isa = PBXBuildFile; fileRef = 0FB7AA9E1F1B73580034E6E6 /* CityLocation.swift */; };
		0FC259CF1F1B574600150E87 /* AppDelegate.swift in Sources */ = {isa = PBXBuildFile; fileRef = 0FC259CE1F1B574600150E87 /* AppDelegate.swift */; };
		0FC259D11F1B574600150E87 /* ViewController.swift in Sources */ = {isa = PBXBuildFile; fileRef = 0FC259D01F1B574600150E87 /* ViewController.swift */; };
		0FC259D41F1B574600150E87 /* Main.storyboard in Resources */ = {isa = PBXBuildFile; fileRef = 0FC259D21F1B574600150E87 /* Main.storyboard */; };
		0FC259D61F1B574600150E87 /* Assets.xcassets in Resources */ = {isa = PBXBuildFile; fileRef = 0FC259D51F1B574600150E87 /* Assets.xcassets */; };
		0FC259D91F1B574600150E87 /* LaunchScreen.storyboard in Resources */ = {isa = PBXBuildFile; fileRef = 0FC259D71F1B574600150E87 /* LaunchScreen.storyboard */; };
		0FC259E41F1B574600150E87 /* CitiesListingTests.swift in Sources */ = {isa = PBXBuildFile; fileRef = 0FC259E31F1B574600150E87 /* CitiesListingTests.swift */; };
		0FC259EF1F1B574600150E87 /* CitiesListingUITests.swift in Sources */ = {isa = PBXBuildFile; fileRef = 0FC259EE1F1B574600150E87 /* CitiesListingUITests.swift */; };
		0FC259FF1F1B5A8800150E87 /* WSGetCities.swift in Sources */ = {isa = PBXBuildFile; fileRef = 0FC259FE1F1B5A8800150E87 /* WSGetCities.swift */; };
		0FC25A011F1B625D00150E87 /* CitiesManager.swift in Sources */ = {isa = PBXBuildFile; fileRef = 0FC25A001F1B625D00150E87 /* CitiesManager.swift */; };
/* End PBXBuildFile section */

/* Begin PBXContainerItemProxy section */
		0FC259E01F1B574600150E87 /* PBXContainerItemProxy */ = {
			isa = PBXContainerItemProxy;
			containerPortal = 0FC259C31F1B574500150E87 /* Project object */;
			proxyType = 1;
			remoteGlobalIDString = 0FC259CA1F1B574500150E87;
			remoteInfo = CitiesListing;
		};
		0FC259EB1F1B574600150E87 /* PBXContainerItemProxy */ = {
			isa = PBXContainerItemProxy;
			containerPortal = 0FC259C31F1B574500150E87 /* Project object */;
			proxyType = 1;
			remoteGlobalIDString = 0FC259CA1F1B574500150E87;
			remoteInfo = CitiesListing;
		};
/* End PBXContainerItemProxy section */

/* Begin PBXFileReference section */
		0F28D5ED1F1B6BA300FDC1EB /* CustomizedTableViewCell.swift */ = {isa = PBXFileReference; fileEncoding = 4; lastKnownFileType = sourcecode.swift; path = CustomizedTableViewCell.swift; sourceTree = "<group>"; };
		0F28D5EF1F1B6BB900FDC1EB /* CustomizedTableViewCell.xib */ = {isa = PBXFileReference; fileEncoding = 4; lastKnownFileType = file.xib; path = CustomizedTableViewCell.xib; sourceTree = "<group>"; };
		0F35E4201F1BB45900B15F69 /* WSGetMapImage.swift */ = {isa = PBXFileReference; fileEncoding = 4; lastKnownFileType = sourcecode.swift; path = WSGetMapImage.swift; sourceTree = "<group>"; };
		0F35E4221F1BC12600B15F69 /* MapViewController.swift */ = {isa = PBXFileReference; fileEncoding = 4; lastKnownFileType = sourcecode.swift; path = MapViewController.swift; sourceTree = "<group>"; };
		0F3A480A1F1B96DF0018088F /* FilterManager.swift */ = {isa = PBXFileReference; fileEncoding = 4; lastKnownFileType = sourcecode.swift; path = FilterManager.swift; sourceTree = "<group>"; };
		0FB7AA9C1F1B733D0034E6E6 /* City.swift */ = {isa = PBXFileReference; fileEncoding = 4; lastKnownFileType = sourcecode.swift; path = City.swift; sourceTree = "<group>"; };
		0FB7AA9E1F1B73580034E6E6 /* CityLocation.swift */ = {isa = PBXFileReference; fileEncoding = 4; lastKnownFileType = sourcecode.swift; path = CityLocation.swift; sourceTree = "<group>"; };
		0FC259CB1F1B574600150E87 /* CitiesListing.app */ = {isa = PBXFileReference; explicitFileType = wrapper.application; includeInIndex = 0; path = CitiesListing.app; sourceTree = BUILT_PRODUCTS_DIR; };
		0FC259CE1F1B574600150E87 /* AppDelegate.swift */ = {isa = PBXFileReference; lastKnownFileType = sourcecode.swift; path = AppDelegate.swift; sourceTree = "<group>"; };
		0FC259D01F1B574600150E87 /* ViewController.swift */ = {isa = PBXFileReference; lastKnownFileType = sourcecode.swift; path = ViewController.swift; sourceTree = "<group>"; };
		0FC259D31F1B574600150E87 /* Base */ = {isa = PBXFileReference; lastKnownFileType = file.storyboard; name = Base; path = Base.lproj/Main.storyboard; sourceTree = "<group>"; };
		0FC259D51F1B574600150E87 /* Assets.xcassets */ = {isa = PBXFileReference; lastKnownFileType = folder.assetcatalog; path = Assets.xcassets; sourceTree = "<group>"; };
		0FC259D81F1B574600150E87 /* Base */ = {isa = PBXFileReference; lastKnownFileType = file.storyboard; name = Base; path = Base.lproj/LaunchScreen.storyboard; sourceTree = "<group>"; };
		0FC259DA1F1B574600150E87 /* Info.plist */ = {isa = PBXFileReference; lastKnownFileType = text.plist.xml; path = Info.plist; sourceTree = "<group>"; };
		0FC259DF1F1B574600150E87 /* CitiesListingTests.xctest */ = {isa = PBXFileReference; explicitFileType = wrapper.cfbundle; includeInIndex = 0; path = CitiesListingTests.xctest; sourceTree = BUILT_PRODUCTS_DIR; };
		0FC259E31F1B574600150E87 /* CitiesListingTests.swift */ = {isa = PBXFileReference; lastKnownFileType = sourcecode.swift; path = CitiesListingTests.swift; sourceTree = "<group>"; };
		0FC259E51F1B574600150E87 /* Info.plist */ = {isa = PBXFileReference; lastKnownFileType = text.plist.xml; path = Info.plist; sourceTree = "<group>"; };
		0FC259EA1F1B574600150E87 /* CitiesListingUITests.xctest */ = {isa = PBXFileReference; explicitFileType = wrapper.cfbundle; includeInIndex = 0; path = CitiesListingUITests.xctest; sourceTree = BUILT_PRODUCTS_DIR; };
		0FC259EE1F1B574600150E87 /* CitiesListingUITests.swift */ = {isa = PBXFileReference; lastKnownFileType = sourcecode.swift; path = CitiesListingUITests.swift; sourceTree = "<group>"; };
		0FC259F01F1B574600150E87 /* Info.plist */ = {isa = PBXFileReference; lastKnownFileType = text.plist.xml; path = Info.plist; sourceTree = "<group>"; };
		0FC259FE1F1B5A8800150E87 /* WSGetCities.swift */ = {isa = PBXFileReference; fileEncoding = 4; lastKnownFileType = sourcecode.swift; path = WSGetCities.swift; sourceTree = "<group>"; };
		0FC25A001F1B625D00150E87 /* CitiesManager.swift */ = {isa = PBXFileReference; fileEncoding = 4; lastKnownFileType = sourcecode.swift; path = CitiesManager.swift; sourceTree = "<group>"; };
/* End PBXFileReference section */

/* Begin PBXFrameworksBuildPhase section */
		0FC259C81F1B574500150E87 /* Frameworks */ = {
			isa = PBXFrameworksBuildPhase;
			buildActionMask = 2147483647;
			files = (
			);
			runOnlyForDeploymentPostprocessing = 0;
		};
		0FC259DC1F1B574600150E87 /* Frameworks */ = {
			isa = PBXFrameworksBuildPhase;
			buildActionMask = 2147483647;
			files = (
			);
			runOnlyForDeploymentPostprocessing = 0;
		};
		0FC259E71F1B574600150E87 /* Frameworks */ = {
			isa = PBXFrameworksBuildPhase;
			buildActionMask = 2147483647;
			files = (
			);
			runOnlyForDeploymentPostprocessing = 0;
		};
/* End PBXFrameworksBuildPhase section */

/* Begin PBXGroup section */
		0F28D5EC1F1B6B7100FDC1EB /* CustomizedViews */ = {
			isa = PBXGroup;
			children = (
				0F28D5ED1F1B6BA300FDC1EB /* CustomizedTableViewCell.swift */,
				0F28D5EF1F1B6BB900FDC1EB /* CustomizedTableViewCell.xib */,
			);
			name = CustomizedViews;
			sourceTree = "<group>";
		};
		0FB7AA9B1F1B731C0034E6E6 /* Objects */ = {
			isa = PBXGroup;
			children = (
				0FB7AA9C1F1B733D0034E6E6 /* City.swift */,
				0FB7AA9E1F1B73580034E6E6 /* CityLocation.swift */,
			);
			name = Objects;
			sourceTree = "<group>";
		};
		0FC259C21F1B574500150E87 = {
			isa = PBXGroup;
			children = (
				0FC259CD1F1B574600150E87 /* CitiesListing */,
				0FC259E21F1B574600150E87 /* CitiesListingTests */,
				0FC259ED1F1B574600150E87 /* CitiesListingUITests */,
				0FC259CC1F1B574600150E87 /* Products */,
			);
			sourceTree = "<group>";
		};
		0FC259CC1F1B574600150E87 /* Products */ = {
			isa = PBXGroup;
			children = (
				0FC259CB1F1B574600150E87 /* CitiesListing.app */,
				0FC259DF1F1B574600150E87 /* CitiesListingTests.xctest */,
				0FC259EA1F1B574600150E87 /* CitiesListingUITests.xctest */,
			);
			name = Products;
			sourceTree = "<group>";
		};
		0FC259CD1F1B574600150E87 /* CitiesListing */ = {
			isa = PBXGroup;
			children = (
				0FB7AA9B1F1B731C0034E6E6 /* Objects */,
				0F28D5EC1F1B6B7100FDC1EB /* CustomizedViews */,
				0FC259FD1F1B59AE00150E87 /* WS */,
				0FC259FC1F1B59A200150E87 /* BL */,
				0FC259CE1F1B574600150E87 /* AppDelegate.swift */,
				0FC259D01F1B574600150E87 /* ViewController.swift */,
				0F35E4221F1BC12600B15F69 /* MapViewController.swift */,
				0FC259D21F1B574600150E87 /* Main.storyboard */,
				0FC259D51F1B574600150E87 /* Assets.xcassets */,
				0FC259D71F1B574600150E87 /* LaunchScreen.storyboard */,
				0FC259DA1F1B574600150E87 /* Info.plist */,
			);
			path = CitiesListing;
			sourceTree = "<group>";
		};
		0FC259E21F1B574600150E87 /* CitiesListingTests */ = {
			isa = PBXGroup;
			children = (
				0FC259E31F1B574600150E87 /* CitiesListingTests.swift */,
				0FC259E51F1B574600150E87 /* Info.plist */,
			);
			path = CitiesListingTests;
			sourceTree = "<group>";
		};
		0FC259ED1F1B574600150E87 /* CitiesListingUITests */ = {
			isa = PBXGroup;
			children = (
				0FC259EE1F1B574600150E87 /* CitiesListingUITests.swift */,
				0FC259F01F1B574600150E87 /* Info.plist */,
			);
			path = CitiesListingUITests;
			sourceTree = "<group>";
		};
		0FC259FC1F1B59A200150E87 /* BL */ = {
			isa = PBXGroup;
			children = (
				0FC25A001F1B625D00150E87 /* CitiesManager.swift */,
				0F3A480A1F1B96DF0018088F /* FilterManager.swift */,
			);
			name = BL;
			sourceTree = "<group>";
		};
		0FC259FD1F1B59AE00150E87 /* WS */ = {
			isa = PBXGroup;
			children = (
				0FC259FE1F1B5A8800150E87 /* WSGetCities.swift */,
				0F35E4201F1BB45900B15F69 /* WSGetMapImage.swift */,
			);
			name = WS;
			sourceTree = "<group>";
		};
/* End PBXGroup section */

/* Begin PBXNativeTarget section */
		0FC259CA1F1B574500150E87 /* CitiesListing */ = {
			isa = PBXNativeTarget;
			buildConfigurationList = 0FC259F31F1B574600150E87 /* Build configuration list for PBXNativeTarget "CitiesListing" */;
			buildPhases = (
				0FC259C71F1B574500150E87 /* Sources */,
				0FC259C81F1B574500150E87 /* Frameworks */,
				0FC259C91F1B574500150E87 /* Resources */,
			);
			buildRules = (
			);
			dependencies = (
			);
			name = CitiesListing;
			productName = CitiesListing;
			productReference = 0FC259CB1F1B574600150E87 /* CitiesListing.app */;
			productType = "com.apple.product-type.application";
		};
		0FC259DE1F1B574600150E87 /* CitiesListingTests */ = {
			isa = PBXNativeTarget;
			buildConfigurationList = 0FC259F61F1B574600150E87 /* Build configuration list for PBXNativeTarget "CitiesListingTests" */;
			buildPhases = (
				0FC259DB1F1B574600150E87 /* Sources */,
				0FC259DC1F1B574600150E87 /* Frameworks */,
				0FC259DD1F1B574600150E87 /* Resources */,
			);
			buildRules = (
			);
			dependencies = (
				0FC259E11F1B574600150E87 /* PBXTargetDependency */,
			);
			name = CitiesListingTests;
			productName = CitiesListingTests;
			productReference = 0FC259DF1F1B574600150E87 /* CitiesListingTests.xctest */;
			productType = "com.apple.product-type.bundle.unit-test";
		};
		0FC259E91F1B574600150E87 /* CitiesListingUITests */ = {
			isa = PBXNativeTarget;
			buildConfigurationList = 0FC259F91F1B574600150E87 /* Build configuration list for PBXNativeTarget "CitiesListingUITests" */;
			buildPhases = (
				0FC259E61F1B574600150E87 /* Sources */,
				0FC259E71F1B574600150E87 /* Frameworks */,
				0FC259E81F1B574600150E87 /* Resources */,
			);
			buildRules = (
			);
			dependencies = (
				0FC259EC1F1B574600150E87 /* PBXTargetDependency */,
			);
			name = CitiesListingUITests;
			productName = CitiesListingUITests;
			productReference = 0FC259EA1F1B574600150E87 /* CitiesListingUITests.xctest */;
			productType = "com.apple.product-type.bundle.ui-testing";
		};
/* End PBXNativeTarget section */

/* Begin PBXProject section */
		0FC259C31F1B574500150E87 /* Project object */ = {
			isa = PBXProject;
			attributes = {
				LastSwiftUpdateCheck = 0820;
				LastUpgradeCheck = 0820;
				ORGANIZATIONNAME = "Jean Joseph";
				TargetAttributes = {
					0FC259CA1F1B574500150E87 = {
						CreatedOnToolsVersion = 8.2;
						DevelopmentTeam = V2HE6N3YX4;
						ProvisioningStyle = Automatic;
					};
					0FC259DE1F1B574600150E87 = {
						CreatedOnToolsVersion = 8.2;
						DevelopmentTeam = V2HE6N3YX4;
						ProvisioningStyle = Automatic;
						TestTargetID = 0FC259CA1F1B574500150E87;
					};
					0FC259E91F1B574600150E87 = {
						CreatedOnToolsVersion = 8.2;
						DevelopmentTeam = V2HE6N3YX4;
						ProvisioningStyle = Automatic;
						TestTargetID = 0FC259CA1F1B574500150E87;
					};
				};
			};
			buildConfigurationList = 0FC259C61F1B574500150E87 /* Build configuration list for PBXProject "CitiesListing" */;
			compatibilityVersion = "Xcode 3.2";
			developmentRegion = English;
			hasScannedForEncodings = 0;
			knownRegions = (
				en,
				Base,
			);
			mainGroup = 0FC259C21F1B574500150E87;
			productRefGroup = 0FC259CC1F1B574600150E87 /* Products */;
			projectDirPath = "";
			projectRoot = "";
			targets = (
				0FC259CA1F1B574500150E87 /* CitiesListing */,
				0FC259DE1F1B574600150E87 /* CitiesListingTests */,
				0FC259E91F1B574600150E87 /* CitiesListingUITests */,
			);
		};
/* End PBXProject section */

/* Begin PBXResourcesBuildPhase section */
		0FC259C91F1B574500150E87 /* Resources */ = {
			isa = PBXResourcesBuildPhase;
			buildActionMask = 2147483647;
			files = (
				0FC259D91F1B574600150E87 /* LaunchScreen.storyboard in Resources */,
				0FC259D61F1B574600150E87 /* Assets.xcassets in Resources */,
				0F28D5F01F1B6BB900FDC1EB /* CustomizedTableViewCell.xib in Resources */,
				0FC259D41F1B574600150E87 /* Main.storyboard in Resources */,
			);
			runOnlyForDeploymentPostprocessing = 0;
		};
		0FC259DD1F1B574600150E87 /* Resources */ = {
			isa = PBXResourcesBuildPhase;
			buildActionMask = 2147483647;
			files = (
			);
			runOnlyForDeploymentPostprocessing = 0;
		};
		0FC259E81F1B574600150E87 /* Resources */ = {
			isa = PBXResourcesBuildPhase;
			buildActionMask = 2147483647;
			files = (
			);
			runOnlyForDeploymentPostprocessing = 0;
		};
/* End PBXResourcesBuildPhase section */

/* Begin PBXSourcesBuildPhase section */
		0FC259C71F1B574500150E87 /* Sources */ = {
			isa = PBXSourcesBuildPhase;
			buildActionMask = 2147483647;
			files = (
				0F28D5EE1F1B6BA300FDC1EB /* CustomizedTableViewCell.swift in Sources */,
				0FB7AA9F1F1B73580034E6E6 /* CityLocation.swift in Sources */,
				0FC259FF1F1B5A8800150E87 /* WSGetCities.swift in Sources */,
				0F35E4231F1BC12600B15F69 /* MapViewController.swift in Sources */,
				0FB7AA9D1F1B733D0034E6E6 /* City.swift in Sources */,
				0FC259D11F1B574600150E87 /* ViewController.swift in Sources */,
				0FC25A011F1B625D00150E87 /* CitiesManager.swift in Sources */,
				0F35E4211F1BB45900B15F69 /* WSGetMapImage.swift in Sources */,
				0FC259CF1F1B574600150E87 /* AppDelegate.swift in Sources */,
				0F3A480B1F1B96DF0018088F /* FilterManager.swift in Sources */,
			);
			runOnlyForDeploymentPostprocessing = 0;
		};
		0FC259DB1F1B574600150E87 /* Sources */ = {
			isa = PBXSourcesBuildPhase;
			buildActionMask = 2147483647;
			files = (
				0FC259E41F1B574600150E87 /* CitiesListingTests.swift in Sources */,
			);
			runOnlyForDeploymentPostprocessing = 0;
		};
		0FC259E61F1B574600150E87 /* Sources */ = {
			isa = PBXSourcesBuildPhase;
			buildActionMask = 2147483647;
			files = (
				0FC259EF1F1B574600150E87 /* CitiesListingUITests.swift in Sources */,
			);
			runOnlyForDeploymentPostprocessing = 0;
		};
/* End PBXSourcesBuildPhase section */

/* Begin PBXTargetDependency section */
		0FC259E11F1B574600150E87 /* PBXTargetDependency */ = {
			isa = PBXTargetDependency;
			target = 0FC259CA1F1B574500150E87 /* CitiesListing */;
			targetProxy = 0FC259E01F1B574600150E87 /* PBXContainerItemProxy */;
		};
		0FC259EC1F1B574600150E87 /* PBXTargetDependency */ = {
			isa = PBXTargetDependency;
			target = 0FC259CA1F1B574500150E87 /* CitiesListing */;
			targetProxy = 0FC259EB1F1B574600150E87 /* PBXContainerItemProxy */;
		};
/* End PBXTargetDependency section */

/* Begin PBXVariantGroup section */
		0FC259D21F1B574600150E87 /* Main.storyboard */ = {
			isa = PBXVariantGroup;
			children = (
				0FC259D31F1B574600150E87 /* Base */,
			);
			name = Main.storyboard;
			sourceTree = "<group>";
		};
		0FC259D71F1B574600150E87 /* LaunchScreen.storyboard */ = {
			isa = PBXVariantGroup;
			children = (
				0FC259D81F1B574600150E87 /* Base */,
			);
			name = LaunchScreen.storyboard;
			sourceTree = "<group>";
		};
/* End PBXVariantGroup section */

/* Begin XCBuildConfiguration section */
		0FC259F11F1B574600150E87 /* Debug */ = {
			isa = XCBuildConfiguration;
			buildSettings = {
				ALWAYS_SEARCH_USER_PATHS = NO;
				CLANG_ANALYZER_NONNULL = YES;
				CLANG_CXX_LANGUAGE_STANDARD = "gnu++0x";
				CLANG_CXX_LIBRARY = "libc++";
				CLANG_ENABLE_MODULES = YES;
				CLANG_ENABLE_OBJC_ARC = YES;
				CLANG_WARN_BOOL_CONVERSION = YES;
				CLANG_WARN_CONSTANT_CONVERSION = YES;
				CLANG_WARN_DIRECT_OBJC_ISA_USAGE = YES_ERROR;
				CLANG_WARN_DOCUMENTATION_COMMENTS = YES;
				CLANG_WARN_EMPTY_BODY = YES;
				CLANG_WARN_ENUM_CONVERSION = YES;
				CLANG_WARN_INFINITE_RECURSION = YES;
				CLANG_WARN_INT_CONVERSION = YES;
				CLANG_WARN_OBJC_ROOT_CLASS = YES_ERROR;
				CLANG_WARN_SUSPICIOUS_MOVE = YES;
				CLANG_WARN_UNREACHABLE_CODE = YES;
				CLANG_WARN__DUPLICATE_METHOD_MATCH = YES;
				"CODE_SIGN_IDENTITY[sdk=iphoneos*]" = "iPhone Developer";
				COPY_PHASE_STRIP = NO;
				DEBUG_INFORMATION_FORMAT = dwarf;
				ENABLE_STRICT_OBJC_MSGSEND = YES;
				ENABLE_TESTABILITY = YES;
				GCC_C_LANGUAGE_STANDARD = gnu99;
				GCC_DYNAMIC_NO_PIC = NO;
				GCC_NO_COMMON_BLOCKS = YES;
				GCC_OPTIMIZATION_LEVEL = 0;
				GCC_PREPROCESSOR_DEFINITIONS = (
					"DEBUG=1",
					"$(inherited)",
				);
				GCC_WARN_64_TO_32_BIT_CONVERSION = YES;
				GCC_WARN_ABOUT_RETURN_TYPE = YES_ERROR;
				GCC_WARN_UNDECLARED_SELECTOR = YES;
				GCC_WARN_UNINITIALIZED_AUTOS = YES_AGGRESSIVE;
				GCC_WARN_UNUSED_FUNCTION = YES;
				GCC_WARN_UNUSED_VARIABLE = YES;
				IPHONEOS_DEPLOYMENT_TARGET = 10.2;
				MTL_ENABLE_DEBUG_INFO = YES;
				ONLY_ACTIVE_ARCH = YES;
				SDKROOT = iphoneos;
				SWIFT_ACTIVE_COMPILATION_CONDITIONS = DEBUG;
				SWIFT_OPTIMIZATION_LEVEL = "-Onone";
				TARGETED_DEVICE_FAMILY = "1,2";
			};
			name = Debug;
		};
		0FC259F21F1B574600150E87 /* Release */ = {
			isa = XCBuildConfiguration;
			buildSettings = {
				ALWAYS_SEARCH_USER_PATHS = NO;
				CLANG_ANALYZER_NONNULL = YES;
				CLANG_CXX_LANGUAGE_STANDARD = "gnu++0x";
				CLANG_CXX_LIBRARY = "libc++";
				CLANG_ENABLE_MODULES = YES;
				CLANG_ENABLE_OBJC_ARC = YES;
				CLANG_WARN_BOOL_CONVERSION = YES;
				CLANG_WARN_CONSTANT_CONVERSION = YES;
				CLANG_WARN_DIRECT_OBJC_ISA_USAGE = YES_ERROR;
				CLANG_WARN_DOCUMENTATION_COMMENTS = YES;
				CLANG_WARN_EMPTY_BODY = YES;
				CLANG_WARN_ENUM_CONVERSION = YES;
				CLANG_WARN_INFINITE_RECURSION = YES;
				CLANG_WARN_INT_CONVERSION = YES;
				CLANG_WARN_OBJC_ROOT_CLASS = YES_ERROR;
				CLANG_WARN_SUSPICIOUS_MOVE = YES;
				CLANG_WARN_UNREACHABLE_CODE = YES;
				CLANG_WARN__DUPLICATE_METHOD_MATCH = YES;
				"CODE_SIGN_IDENTITY[sdk=iphoneos*]" = "iPhone Developer";
				COPY_PHASE_STRIP = NO;
				DEBUG_INFORMATION_FORMAT = "dwarf-with-dsym";
				ENABLE_NS_ASSERTIONS = NO;
				ENABLE_STRICT_OBJC_MSGSEND = YES;
				GCC_C_LANGUAGE_STANDARD = gnu99;
				GCC_NO_COMMON_BLOCKS = YES;
				GCC_WARN_64_TO_32_BIT_CONVERSION = YES;
				GCC_WARN_ABOUT_RETURN_TYPE = YES_ERROR;
				GCC_WARN_UNDECLARED_SELECTOR = YES;
				GCC_WARN_UNINITIALIZED_AUTOS = YES_AGGRESSIVE;
				GCC_WARN_UNUSED_FUNCTION = YES;
				GCC_WARN_UNUSED_VARIABLE = YES;
				IPHONEOS_DEPLOYMENT_TARGET = 10.2;
				MTL_ENABLE_DEBUG_INFO = NO;
				SDKROOT = iphoneos;
				SWIFT_OPTIMIZATION_LEVEL = "-Owholemodule";
				TARGETED_DEVICE_FAMILY = "1,2";
				VALIDATE_PRODUCT = YES;
			};
			name = Release;
		};
		0FC259F41F1B574600150E87 /* Debug */ = {
			isa = XCBuildConfiguration;
			buildSettings = {
				ASSETCATALOG_COMPILER_APPICON_NAME = AppIcon;
				DEVELOPMENT_TEAM = V2HE6N3YX4;
				INFOPLIST_FILE = CitiesListing/Info.plist;
				LD_RUNPATH_SEARCH_PATHS = "$(inherited) @executable_path/Frameworks";
				PRODUCT_BUNDLE_IDENTIFIER = "pharos-solutions.de.CitiesListing";
				PRODUCT_NAME = "$(TARGET_NAME)";
				SWIFT_VERSION = 3.0;
			};
			name = Debug;
		};
		0FC259F51F1B574600150E87 /* Release */ = {
			isa = XCBuildConfiguration;
			buildSettings = {
				ASSETCATALOG_COMPILER_APPICON_NAME = AppIcon;
				DEVELOPMENT_TEAM = V2HE6N3YX4;
				INFOPLIST_FILE = CitiesListing/Info.plist;
				LD_RUNPATH_SEARCH_PATHS = "$(inherited) @executable_path/Frameworks";
				PRODUCT_BUNDLE_IDENTIFIER = "pharos-solutions.de.CitiesListing";
				PRODUCT_NAME = "$(TARGET_NAME)";
				SWIFT_VERSION = 3.0;
			};
			name = Release;
		};
		0FC259F71F1B574600150E87 /* Debug */ = {
			isa = XCBuildConfiguration;
			buildSettings = {
				ALWAYS_EMBED_SWIFT_STANDARD_LIBRARIES = YES;
				BUNDLE_LOADER = "$(TEST_HOST)";
				DEVELOPMENT_TEAM = V2HE6N3YX4;
				INFOPLIST_FILE = CitiesListingTests/Info.plist;
				LD_RUNPATH_SEARCH_PATHS = "$(inherited) @executable_path/Frameworks @loader_path/Frameworks";
				PRODUCT_BUNDLE_IDENTIFIER = "pharos-solutions.de.CitiesListingTests";
				PRODUCT_NAME = "$(TARGET_NAME)";
				SWIFT_VERSION = 3.0;
				TEST_HOST = "$(BUILT_PRODUCTS_DIR)/CitiesListing.app/CitiesListing";
			};
			name = Debug;
		};
		0FC259F81F1B574600150E87 /* Release */ = {
			isa = XCBuildConfiguration;
			buildSettings = {
				ALWAYS_EMBED_SWIFT_STANDARD_LIBRARIES = YES;
				BUNDLE_LOADER = "$(TEST_HOST)";
				DEVELOPMENT_TEAM = V2HE6N3YX4;
				INFOPLIST_FILE = CitiesListingTests/Info.plist;
				LD_RUNPATH_SEARCH_PATHS = "$(inherited) @executable_path/Frameworks @loader_path/Frameworks";
				PRODUCT_BUNDLE_IDENTIFIER = "pharos-solutions.de.CitiesListingTests";
				PRODUCT_NAME = "$(TARGET_NAME)";
				SWIFT_VERSION = 3.0;
				TEST_HOST = "$(BUILT_PRODUCTS_DIR)/CitiesListing.app/CitiesListing";
			};
			name = Release;
		};
		0FC259FA1F1B574600150E87 /* Debug */ = {
			isa = XCBuildConfiguration;
			buildSettings = {
				ALWAYS_EMBED_SWIFT_STANDARD_LIBRARIES = YES;
				DEVELOPMENT_TEAM = V2HE6N3YX4;
				INFOPLIST_FILE = CitiesListingUITests/Info.plist;
				LD_RUNPATH_SEARCH_PATHS = "$(inherited) @executable_path/Frameworks @loader_path/Frameworks";
				PRODUCT_BUNDLE_IDENTIFIER = "pharos-solutions.de.CitiesListingUITests";
				PRODUCT_NAME = "$(TARGET_NAME)";
				SWIFT_VERSION = 3.0;
				TEST_TARGET_NAME = CitiesListing;
			};
			name = Debug;
		};
		0FC259FB1F1B574600150E87 /* Release */ = {
			isa = XCBuildConfiguration;
			buildSettings = {
				ALWAYS_EMBED_SWIFT_STANDARD_LIBRARIES = YES;
				DEVELOPMENT_TEAM = V2HE6N3YX4;
				INFOPLIST_FILE = CitiesListingUITests/Info.plist;
				LD_RUNPATH_SEARCH_PATHS = "$(inherited) @executable_path/Frameworks @loader_path/Frameworks";
				PRODUCT_BUNDLE_IDENTIFIER = "pharos-solutions.de.CitiesListingUITests";
				PRODUCT_NAME = "$(TARGET_NAME)";
				SWIFT_VERSION = 3.0;
				TEST_TARGET_NAME = CitiesListing;
			};
			name = Release;
		};
/* End XCBuildConfiguration section */

/* Begin XCConfigurationList section */
		0FC259C61F1B574500150E87 /* Build configuration list for PBXProject "CitiesListing" */ = {
			isa = XCConfigurationList;
			buildConfigurations = (
				0FC259F11F1B574600150E87 /* Debug */,
				0FC259F21F1B574600150E87 /* Release */,
			);
			defaultConfigurationIsVisible = 0;
			defaultConfigurationName = Release;
		};
		0FC259F31F1B574600150E87 /* Build configuration list for PBXNativeTarget "CitiesListing" */ = {
			isa = XCConfigurationList;
			buildConfigurations = (
				0FC259F41F1B574600150E87 /* Debug */,
				0FC259F51F1B574600150E87 /* Release */,
			);
			defaultConfigurationIsVisible = 0;
			defaultConfigurationName = Release;
		};
		0FC259F61F1B574600150E87 /* Build configuration list for PBXNativeTarget "CitiesListingTests" */ = {
			isa = XCConfigurationList;
			buildConfigurations = (
				0FC259F71F1B574600150E87 /* Debug */,
				0FC259F81F1B574600150E87 /* Release */,
			);
			defaultConfigurationIsVisible = 0;
			defaultConfigurationName = Release;
		};
		0FC259F91F1B574600150E87 /* Build configuration list for PBXNativeTarget "CitiesListingUITests" */ = {
			isa = XCConfigurationList;
			buildConfigurations = (
				0FC259FA1F1B574600150E87 /* Debug */,
				0FC259FB1F1B574600150E87 /* Release */,
			);
			defaultConfigurationIsVisible = 0;
			defaultConfigurationName = Release;
		};
/* End XCConfigurationList section */
	};
	rootObject = 0FC259C31F1B574500150E87 /* Project object */;
}
